
Microsoft Visual Studio Solution File, Format Version 12.00
# Visual Studio Version 16
VisualStudioVersion = 16.0.30320.27
MinimumVisualStudioVersion = 10.0.40219.1
Project("{FAE04EC0-301F-11D3-BF4B-00C04F79EFBC}") = "G1ANT.Addon.RedditAndroid", "G1ANT.Addon.RedditAndroid.csproj", "{FAB179D7-6BFC-45AE-8FA8-E6A6809FE349}"
EndProject
Global
	GlobalSection(SolutionConfigurationPlatforms) = preSolution
		Debug|Any CPU = Debug|Any CPU
		Release|Any CPU = Release|Any CPU
	EndGlobalSection
	GlobalSection(ProjectConfigurationPlatforms) = postSolution
		{FAB179D7-6BFC-45AE-8FA8-E6A6809FE349}.Debug|Any CPU.ActiveCfg = Debug|Any CPU
		{FAB179D7-6BFC-45AE-8FA8-E6A6809FE349}.Debug|Any CPU.Build.0 = Debug|Any CPU
		{FAB179D7-6BFC-45AE-8FA8-E6A6809FE349}.Release|Any CPU.ActiveCfg = Release|Any CPU
		{FAB179D7-6BFC-45AE-8FA8-E6A6809FE349}.Release|Any CPU.Build.0 = Release|Any CPU
	EndGlobalSection
	GlobalSection(SolutionProperties) = preSolution
		HideSolutionNode = FALSE
	EndGlobalSection
	GlobalSection(ExtensibilityGlobals) = postSolution
		SolutionGuid = {4869FBF5-2AF3-4FB4-942E-20AF1AE3F011}
	EndGlobalSection
EndGlobal
