
Microsoft Visual Studio Solution File, Format Version 12.00
# Visual Studio Version 16
VisualStudioVersion = 16.0.30204.135
MinimumVisualStudioVersion = 10.0.40219.1
Project("{FAE04EC0-301F-11D3-BF4B-00C04F79EFBC}") = "G1ANT.Addon.Rapido", "G1ANT.Addon.Rapido.csproj", "{96642B2A-AA31-41E2-8773-264557172B91}"
EndProject
Global
	GlobalSection(SolutionConfigurationPlatforms) = preSolution
		Debug|Any CPU = Debug|Any CPU
		Release|Any CPU = Release|Any CPU
	EndGlobalSection
	GlobalSection(ProjectConfigurationPlatforms) = postSolution
		{96642B2A-AA31-41E2-8773-264557172B91}.Debug|Any CPU.ActiveCfg = Debug|Any CPU
		{96642B2A-AA31-41E2-8773-264557172B91}.Debug|Any CPU.Build.0 = Debug|Any CPU
		{96642B2A-AA31-41E2-8773-264557172B91}.Release|Any CPU.ActiveCfg = Release|Any CPU
		{96642B2A-AA31-41E2-8773-264557172B91}.Release|Any CPU.Build.0 = Release|Any CPU
	EndGlobalSection
	GlobalSection(SolutionProperties) = preSolution
		HideSolutionNode = FALSE
	EndGlobalSection
	GlobalSection(ExtensibilityGlobals) = postSolution
		SolutionGuid = {4E24B8B1-A8A5-42D8-81F4-23D836AC34B9}
	EndGlobalSection
EndGlobal
