
Microsoft Visual Studio Solution File, Format Version 12.00
# Visual Studio Version 16
VisualStudioVersion = 16.0.30320.27
MinimumVisualStudioVersion = 10.0.40219.1
Project("{FAE04EC0-301F-11D3-BF4B-00C04F79EFBC}") = "G1ANT.Addon.SwiggyAndroid", "G1ANT.Addon.SwiggyAndroid.csproj", "{D773E84E-4B01-411E-A4D7-3717BF4D3028}"
EndProject
Global
	GlobalSection(SolutionConfigurationPlatforms) = preSolution
		Debug|Any CPU = Debug|Any CPU
		Release|Any CPU = Release|Any CPU
	EndGlobalSection
	GlobalSection(ProjectConfigurationPlatforms) = postSolution
		{D773E84E-4B01-411E-A4D7-3717BF4D3028}.Debug|Any CPU.ActiveCfg = Debug|Any CPU
		{D773E84E-4B01-411E-A4D7-3717BF4D3028}.Debug|Any CPU.Build.0 = Debug|Any CPU
		{D773E84E-4B01-411E-A4D7-3717BF4D3028}.Release|Any CPU.ActiveCfg = Release|Any CPU
		{D773E84E-4B01-411E-A4D7-3717BF4D3028}.Release|Any CPU.Build.0 = Release|Any CPU
	EndGlobalSection
	GlobalSection(SolutionProperties) = preSolution
		HideSolutionNode = FALSE
	EndGlobalSection
	GlobalSection(ExtensibilityGlobals) = postSolution
		SolutionGuid = {AF943FA3-A595-49C1-8D7B-55F9B2A66DD9}
	EndGlobalSection
EndGlobal
