
Microsoft Visual Studio Solution File, Format Version 12.00
# Visual Studio Version 16
VisualStudioVersion = 16.0.30320.27
MinimumVisualStudioVersion = 10.0.40219.1
Project("{FAE04EC0-301F-11D3-BF4B-00C04F79EFBC}") = "G1ANT.Addon.Ola", "G1ANT.Addon.Ola.csproj", "{07C0C2B4-6321-42FE-A05E-5BA73F2F6525}"
EndProject
Global
	GlobalSection(SolutionConfigurationPlatforms) = preSolution
		Debug|Any CPU = Debug|Any CPU
		Release|Any CPU = Release|Any CPU
	EndGlobalSection
	GlobalSection(ProjectConfigurationPlatforms) = postSolution
		{07C0C2B4-6321-42FE-A05E-5BA73F2F6525}.Debug|Any CPU.ActiveCfg = Debug|Any CPU
		{07C0C2B4-6321-42FE-A05E-5BA73F2F6525}.Debug|Any CPU.Build.0 = Debug|Any CPU
		{07C0C2B4-6321-42FE-A05E-5BA73F2F6525}.Release|Any CPU.ActiveCfg = Release|Any CPU
		{07C0C2B4-6321-42FE-A05E-5BA73F2F6525}.Release|Any CPU.Build.0 = Release|Any CPU
	EndGlobalSection
	GlobalSection(SolutionProperties) = preSolution
		HideSolutionNode = FALSE
	EndGlobalSection
	GlobalSection(ExtensibilityGlobals) = postSolution
		SolutionGuid = {97EE3D77-8AF4-4975-945A-2DD4343CF3C2}
	EndGlobalSection
EndGlobal
