
Microsoft Visual Studio Solution File, Format Version 12.00
# Visual Studio Version 16
VisualStudioVersion = 16.0.30320.27
MinimumVisualStudioVersion = 10.0.40219.1
Project("{FAE04EC0-301F-11D3-BF4B-00C04F79EFBC}") = "G1ANT.Addon.Naukri", "G1ANT.Addon.Naukri.csproj", "{F3138F6E-B177-4A69-ACA2-F5AB2F21FC22}"
EndProject
Global
	GlobalSection(SolutionConfigurationPlatforms) = preSolution
		Debug|Any CPU = Debug|Any CPU
		Release|Any CPU = Release|Any CPU
	EndGlobalSection
	GlobalSection(ProjectConfigurationPlatforms) = postSolution
		{F3138F6E-B177-4A69-ACA2-F5AB2F21FC22}.Debug|Any CPU.ActiveCfg = Debug|Any CPU
		{F3138F6E-B177-4A69-ACA2-F5AB2F21FC22}.Debug|Any CPU.Build.0 = Debug|Any CPU
		{F3138F6E-B177-4A69-ACA2-F5AB2F21FC22}.Release|Any CPU.ActiveCfg = Release|Any CPU
		{F3138F6E-B177-4A69-ACA2-F5AB2F21FC22}.Release|Any CPU.Build.0 = Release|Any CPU
	EndGlobalSection
	GlobalSection(SolutionProperties) = preSolution
		HideSolutionNode = FALSE
	EndGlobalSection
	GlobalSection(ExtensibilityGlobals) = postSolution
		SolutionGuid = {87BBA146-79E9-41DB-9E28-7B6B0FAD761A}
	EndGlobalSection
EndGlobal
