
Microsoft Visual Studio Solution File, Format Version 12.00
# Visual Studio Version 16
VisualStudioVersion = 16.0.30320.27
MinimumVisualStudioVersion = 10.0.40219.1
Project("{FAE04EC0-301F-11D3-BF4B-00C04F79EFBC}") = "G1ANT.Addon.Ola", "G1ANT.Addon.Ola\G1ANT.Addon.Ola.csproj", "{795E3EE8-5293-4E96-B54A-0292FD5B6E9C}"
EndProject
Global
	GlobalSection(SolutionConfigurationPlatforms) = preSolution
		Debug|Any CPU = Debug|Any CPU
		Release|Any CPU = Release|Any CPU
	EndGlobalSection
	GlobalSection(ProjectConfigurationPlatforms) = postSolution
		{795E3EE8-5293-4E96-B54A-0292FD5B6E9C}.Debug|Any CPU.ActiveCfg = Debug|Any CPU
		{795E3EE8-5293-4E96-B54A-0292FD5B6E9C}.Debug|Any CPU.Build.0 = Debug|Any CPU
		{795E3EE8-5293-4E96-B54A-0292FD5B6E9C}.Release|Any CPU.ActiveCfg = Release|Any CPU
		{795E3EE8-5293-4E96-B54A-0292FD5B6E9C}.Release|Any CPU.Build.0 = Release|Any CPU
	EndGlobalSection
	GlobalSection(SolutionProperties) = preSolution
		HideSolutionNode = FALSE
	EndGlobalSection
	GlobalSection(ExtensibilityGlobals) = postSolution
		SolutionGuid = {D3531598-7660-4572-902C-E1F62C5E60CA}
	EndGlobalSection
EndGlobal
