
Microsoft Visual Studio Solution File, Format Version 12.00
# Visual Studio Version 16
VisualStudioVersion = 16.0.30320.27
MinimumVisualStudioVersion = 10.0.40219.1
Project("{FAE04EC0-301F-11D3-BF4B-00C04F79EFBC}") = "G1ANT.Addon.Zoom", "G1ANT.Addon.Zoom.csproj", "{FA54212D-103A-476B-8B6B-3D091E5E8475}"
EndProject
Global
	GlobalSection(SolutionConfigurationPlatforms) = preSolution
		Debug|Any CPU = Debug|Any CPU
		Release|Any CPU = Release|Any CPU
	EndGlobalSection
	GlobalSection(ProjectConfigurationPlatforms) = postSolution
		{FA54212D-103A-476B-8B6B-3D091E5E8475}.Debug|Any CPU.ActiveCfg = Debug|Any CPU
		{FA54212D-103A-476B-8B6B-3D091E5E8475}.Debug|Any CPU.Build.0 = Debug|Any CPU
		{FA54212D-103A-476B-8B6B-3D091E5E8475}.Release|Any CPU.ActiveCfg = Release|Any CPU
		{FA54212D-103A-476B-8B6B-3D091E5E8475}.Release|Any CPU.Build.0 = Release|Any CPU
	EndGlobalSection
	GlobalSection(SolutionProperties) = preSolution
		HideSolutionNode = FALSE
	EndGlobalSection
	GlobalSection(ExtensibilityGlobals) = postSolution
		SolutionGuid = {3418BD80-A304-43B2-AEDF-5C299D2B1C15}
	EndGlobalSection
EndGlobal
